
Microsoft Visual Studio Solution File, Format Version 12.00
# Visual Studio Version 16
VisualStudioVersion = 16.0.30225.117
MinimumVisualStudioVersion = 10.0.40219.1
Project("{2150E333-8FDC-42A3-9474-1A3956D46DE8}") = "01 Presentacion", "01 Presentacion", "{2E45AE5F-51F1-4C48-AE53-5032A83CBB97}"
EndProject
Project("{2150E333-8FDC-42A3-9474-1A3956D46DE8}") = "02 Aplicacion", "02 Aplicacion", "{305A7B3B-BAD3-40C7-A333-2BEB4C7A1A99}"
EndProject
Project("{2150E333-8FDC-42A3-9474-1A3956D46DE8}") = "03 Dominio", "03 Dominio", "{2938ED5B-1506-44CF-A8E4-382BE98A5150}"
EndProject
Project("{2150E333-8FDC-42A3-9474-1A3956D46DE8}") = "04 Infraestructura", "04 Infraestructura", "{6AFA7A5F-B265-47A6-A1F4-1D9AF4F6A3CC}"
EndProject
Project("{9A19103F-16F7-4668-BE54-9A1E7A4F7556}") = "Smedia.WebApi", "Smedia.WebApi\Smedia.WebApi.csproj", "{463DE684-D260-4AB1-95A7-4687348160E8}"
EndProject
Project("{FAE04EC0-301F-11D3-BF4B-00C04F79EFBC}") = "Uibasoft.Smedia.Core", "Uibasoft.Smedia.Core\Uibasoft.Smedia.Core.csproj", "{27FE2ABD-AC98-44DD-9773-068670A49E96}"
EndProject
Project("{FAE04EC0-301F-11D3-BF4B-00C04F79EFBC}") = "Uibasoft.Smedia.DataAccess", "Uibasoft.Smedia.DataAccess\Uibasoft.Smedia.DataAccess.csproj", "{CFF4FF67-7C75-499E-B7BB-F9BB5155212A}"
EndProject
Project("{2150E333-8FDC-42A3-9474-1A3956D46DE8}") = "05 Tests", "05 Tests", "{996CF3C1-C4B6-40AB-8510-A6AE00F72A07}"
EndProject
Project("{FAE04EC0-301F-11D3-BF4B-00C04F79EFBC}") = "Uibasoft.Smedia.UnitTests", "Uibasoft.Smedia.UnitTests\Uibasoft.Smedia.UnitTests.csproj", "{5DFECFCE-49F5-4FF0-916E-B84CC83DB374}"
EndProject
Project("{FAE04EC0-301F-11D3-BF4B-00C04F79EFBC}") = "Uibasoft.Smedia.IntegrationTests", "Uibasoft.Smedia.IntegrationTests\Uibasoft.Smedia.IntegrationTests.csproj", "{C22B7C64-3225-4807-966F-7FD8BADA39BE}"
EndProject
Global
	GlobalSection(SolutionConfigurationPlatforms) = preSolution
		Debug|Any CPU = Debug|Any CPU
		Release|Any CPU = Release|Any CPU
	EndGlobalSection
	GlobalSection(ProjectConfigurationPlatforms) = postSolution
		{463DE684-D260-4AB1-95A7-4687348160E8}.Debug|Any CPU.ActiveCfg = Debug|Any CPU
		{463DE684-D260-4AB1-95A7-4687348160E8}.Debug|Any CPU.Build.0 = Debug|Any CPU
		{463DE684-D260-4AB1-95A7-4687348160E8}.Release|Any CPU.ActiveCfg = Release|Any CPU
		{463DE684-D260-4AB1-95A7-4687348160E8}.Release|Any CPU.Build.0 = Release|Any CPU
		{27FE2ABD-AC98-44DD-9773-068670A49E96}.Debug|Any CPU.ActiveCfg = Debug|Any CPU
		{27FE2ABD-AC98-44DD-9773-068670A49E96}.Debug|Any CPU.Build.0 = Debug|Any CPU
		{27FE2ABD-AC98-44DD-9773-068670A49E96}.Release|Any CPU.ActiveCfg = Release|Any CPU
		{27FE2ABD-AC98-44DD-9773-068670A49E96}.Release|Any CPU.Build.0 = Release|Any CPU
		{CFF4FF67-7C75-499E-B7BB-F9BB5155212A}.Debug|Any CPU.ActiveCfg = Debug|Any CPU
		{CFF4FF67-7C75-499E-B7BB-F9BB5155212A}.Debug|Any CPU.Build.0 = Debug|Any CPU
		{CFF4FF67-7C75-499E-B7BB-F9BB5155212A}.Release|Any CPU.ActiveCfg = Release|Any CPU
		{CFF4FF67-7C75-499E-B7BB-F9BB5155212A}.Release|Any CPU.Build.0 = Release|Any CPU
		{5DFECFCE-49F5-4FF0-916E-B84CC83DB374}.Debug|Any CPU.ActiveCfg = Debug|Any CPU
		{5DFECFCE-49F5-4FF0-916E-B84CC83DB374}.Debug|Any CPU.Build.0 = Debug|Any CPU
		{5DFECFCE-49F5-4FF0-916E-B84CC83DB374}.Release|Any CPU.ActiveCfg = Release|Any CPU
		{5DFECFCE-49F5-4FF0-916E-B84CC83DB374}.Release|Any CPU.Build.0 = Release|Any CPU
		{C22B7C64-3225-4807-966F-7FD8BADA39BE}.Debug|Any CPU.ActiveCfg = Debug|Any CPU
		{C22B7C64-3225-4807-966F-7FD8BADA39BE}.Debug|Any CPU.Build.0 = Debug|Any CPU
		{C22B7C64-3225-4807-966F-7FD8BADA39BE}.Release|Any CPU.ActiveCfg = Release|Any CPU
		{C22B7C64-3225-4807-966F-7FD8BADA39BE}.Release|Any CPU.Build.0 = Release|Any CPU
	EndGlobalSection
	GlobalSection(SolutionProperties) = preSolution
		HideSolutionNode = FALSE
	EndGlobalSection
	GlobalSection(NestedProjects) = preSolution
		{463DE684-D260-4AB1-95A7-4687348160E8} = {2E45AE5F-51F1-4C48-AE53-5032A83CBB97}
		{27FE2ABD-AC98-44DD-9773-068670A49E96} = {2938ED5B-1506-44CF-A8E4-382BE98A5150}
		{CFF4FF67-7C75-499E-B7BB-F9BB5155212A} = {6AFA7A5F-B265-47A6-A1F4-1D9AF4F6A3CC}
		{5DFECFCE-49F5-4FF0-916E-B84CC83DB374} = {996CF3C1-C4B6-40AB-8510-A6AE00F72A07}
		{C22B7C64-3225-4807-966F-7FD8BADA39BE} = {996CF3C1-C4B6-40AB-8510-A6AE00F72A07}
	EndGlobalSection
	GlobalSection(ExtensibilityGlobals) = postSolution
		SolutionGuid = {2D9D7DBA-B591-4DAB-AB80-0470B102DACF}
	EndGlobalSection
EndGlobal
